
Microsoft Visual Studio Solution File, Format Version 12.00
Project("{FAE04EC0-301F-11D3-BF4B-00C04F79EFBC}") = "FirstWebApp", "FirstWebApp\FirstWebApp.csproj", "{BC505B00-8396-4367-BD82-E0348920F42E}"
EndProject
Global
	GlobalSection(SolutionConfigurationPlatforms) = preSolution
		Debug|Any CPU = Debug|Any CPU
		Release|Any CPU = Release|Any CPU
	EndGlobalSection
	GlobalSection(ProjectConfigurationPlatforms) = postSolution
		{BC505B00-8396-4367-BD82-E0348920F42E}.Debug|Any CPU.ActiveCfg = Debug|Any CPU
		{BC505B00-8396-4367-BD82-E0348920F42E}.Debug|Any CPU.Build.0 = Debug|Any CPU
		{BC505B00-8396-4367-BD82-E0348920F42E}.Release|Any CPU.ActiveCfg = Release|Any CPU
		{BC505B00-8396-4367-BD82-E0348920F42E}.Release|Any CPU.Build.0 = Release|Any CPU
	EndGlobalSection
EndGlobal
